
Microsoft Visual Studio Solution File, Format Version 12.00
# Visual Studio Version 16
VisualStudioVersion = 16.0.31105.61
MinimumVisualStudioVersion = 10.0.40219.1
Project("{FAE04EC0-301F-11D3-BF4B-00C04F79EFBC}") = "TechnicalTest", "TechnicalTest\TechnicalTest.csproj", "{1A53844E-C63D-4CC7-8FCD-C7557B8399A1}"
EndProject
Global
	GlobalSection(SolutionConfigurationPlatforms) = preSolution
		Debug|Any CPU = Debug|Any CPU
		Release|Any CPU = Release|Any CPU
	EndGlobalSection
	GlobalSection(ProjectConfigurationPlatforms) = postSolution
		{1A53844E-C63D-4CC7-8FCD-C7557B8399A1}.Debug|Any CPU.ActiveCfg = Debug|Any CPU
		{1A53844E-C63D-4CC7-8FCD-C7557B8399A1}.Debug|Any CPU.Build.0 = Debug|Any CPU
		{1A53844E-C63D-4CC7-8FCD-C7557B8399A1}.Release|Any CPU.ActiveCfg = Release|Any CPU
		{1A53844E-C63D-4CC7-8FCD-C7557B8399A1}.Release|Any CPU.Build.0 = Release|Any CPU
	EndGlobalSection
	GlobalSection(SolutionProperties) = preSolution
		HideSolutionNode = FALSE
	EndGlobalSection
	GlobalSection(ExtensibilityGlobals) = postSolution
		SolutionGuid = {DC4A56DF-C094-4AF2-97F8-896FEA0A43C0}
	EndGlobalSection
EndGlobal
